
Microsoft Visual Studio Solution File, Format Version 10.00
# Visual Studio 2008
Project("{8BC9CEB8-8B4A-11D0-8D11-00A0C91BC942}") = "Srender", "Srender\Srender.vcproj", "{1A86D152-508D-476A-B79D-EB7E8D2FC09E}"
EndProject
Global
	GlobalSection(SolutionConfigurationPlatforms) = preSolution
		Debug|Win32 = Debug|Win32
		Release|Win32 = Release|Win32
	EndGlobalSection
	GlobalSection(ProjectConfigurationPlatforms) = postSolution
		{1A86D152-508D-476A-B79D-EB7E8D2FC09E}.Debug|Win32.ActiveCfg = Debug|Win32
		{1A86D152-508D-476A-B79D-EB7E8D2FC09E}.Debug|Win32.Build.0 = Debug|Win32
		{1A86D152-508D-476A-B79D-EB7E8D2FC09E}.Release|Win32.ActiveCfg = Release|Win32
		{1A86D152-508D-476A-B79D-EB7E8D2FC09E}.Release|Win32.Build.0 = Release|Win32
	EndGlobalSection
	GlobalSection(SolutionProperties) = preSolution
		HideSolutionNode = FALSE
	EndGlobalSection
EndGlobal
